
Microsoft Visual Studio Solution File, Format Version 12.00
# Visual Studio Version 17
VisualStudioVersion = 17.4.33110.190
MinimumVisualStudioVersion = 10.0.40219.1
Project("{9A19103F-16F7-4668-BE54-9A1E7A4F7556}") = "Tests", "Tests\Tests.csproj", "{168E94E9-155F-4208-8F7D-5524FFDBED49}"
EndProject
Project("{9A19103F-16F7-4668-BE54-9A1E7A4F7556}") = "Benchmarks", "Benchmarks\Benchmarks.csproj", "{6AF9BFF7-2167-4660-AC34-F9724E2092A3}"
EndProject
Project("{9A19103F-16F7-4668-BE54-9A1E7A4F7556}") = "Core", "Core\Core.csproj", "{D1EA6CA7-69DA-4934-BC50-A76660077A1C}"
EndProject
Project("{9A19103F-16F7-4668-BE54-9A1E7A4F7556}") = "ConsoleApp", "ConsoleApp\ConsoleApp.csproj", "{90F8F42B-A73B-45BB-8CAD-F3F5A0095668}"
EndProject
Project("{2150E333-8FDC-42A3-9474-1A3956D46DE8}") = "Solution Items", "Solution Items", "{827CF22C-D2FC-4638-BAF8-3E3B76704BB9}"
	ProjectSection(SolutionItems) = preProject
		.editorconfig = .editorconfig
	EndProjectSection
EndProject
Project("{FAE04EC0-301F-11D3-BF4B-00C04F79EFBC}") = "Generators", "Generators\Generators.csproj", "{799DA3F4-531D-4B9E-8C03-6E8199909C0A}"
EndProject
Project("{FAE04EC0-301F-11D3-BF4B-00C04F79EFBC}") = "EnumCode", "EnumCode\EnumCode.csproj", "{C43F232C-3A91-44DF-85AA-D7A58E983F12}"
EndProject
Project("{FAE04EC0-301F-11D3-BF4B-00C04F79EFBC}") = "EnumToCode.Attributes", "EnumToCode.Attributes\EnumToCode.Attributes.csproj", "{CA8974DB-BF8A-40EF-8BAA-601B71250D35}"
EndProject
Global
	GlobalSection(SolutionConfigurationPlatforms) = preSolution
		Debug|Any CPU = Debug|Any CPU
		Release|Any CPU = Release|Any CPU
	EndGlobalSection
	GlobalSection(ProjectConfigurationPlatforms) = postSolution
		{168E94E9-155F-4208-8F7D-5524FFDBED49}.Debug|Any CPU.ActiveCfg = Debug|Any CPU
		{168E94E9-155F-4208-8F7D-5524FFDBED49}.Debug|Any CPU.Build.0 = Debug|Any CPU
		{168E94E9-155F-4208-8F7D-5524FFDBED49}.Release|Any CPU.ActiveCfg = Release|Any CPU
		{168E94E9-155F-4208-8F7D-5524FFDBED49}.Release|Any CPU.Build.0 = Release|Any CPU
		{6AF9BFF7-2167-4660-AC34-F9724E2092A3}.Debug|Any CPU.ActiveCfg = Debug|Any CPU
		{6AF9BFF7-2167-4660-AC34-F9724E2092A3}.Debug|Any CPU.Build.0 = Debug|Any CPU
		{6AF9BFF7-2167-4660-AC34-F9724E2092A3}.Release|Any CPU.ActiveCfg = Release|Any CPU
		{6AF9BFF7-2167-4660-AC34-F9724E2092A3}.Release|Any CPU.Build.0 = Release|Any CPU
		{D1EA6CA7-69DA-4934-BC50-A76660077A1C}.Debug|Any CPU.ActiveCfg = Debug|Any CPU
		{D1EA6CA7-69DA-4934-BC50-A76660077A1C}.Debug|Any CPU.Build.0 = Debug|Any CPU
		{D1EA6CA7-69DA-4934-BC50-A76660077A1C}.Release|Any CPU.ActiveCfg = Release|Any CPU
		{D1EA6CA7-69DA-4934-BC50-A76660077A1C}.Release|Any CPU.Build.0 = Release|Any CPU
		{90F8F42B-A73B-45BB-8CAD-F3F5A0095668}.Debug|Any CPU.ActiveCfg = Debug|Any CPU
		{90F8F42B-A73B-45BB-8CAD-F3F5A0095668}.Debug|Any CPU.Build.0 = Debug|Any CPU
		{90F8F42B-A73B-45BB-8CAD-F3F5A0095668}.Release|Any CPU.ActiveCfg = Release|Any CPU
		{90F8F42B-A73B-45BB-8CAD-F3F5A0095668}.Release|Any CPU.Build.0 = Release|Any CPU
		{799DA3F4-531D-4B9E-8C03-6E8199909C0A}.Debug|Any CPU.ActiveCfg = Debug|Any CPU
		{799DA3F4-531D-4B9E-8C03-6E8199909C0A}.Debug|Any CPU.Build.0 = Debug|Any CPU
		{799DA3F4-531D-4B9E-8C03-6E8199909C0A}.Release|Any CPU.ActiveCfg = Release|Any CPU
		{799DA3F4-531D-4B9E-8C03-6E8199909C0A}.Release|Any CPU.Build.0 = Release|Any CPU
		{C43F232C-3A91-44DF-85AA-D7A58E983F12}.Debug|Any CPU.ActiveCfg = Debug|Any CPU
		{C43F232C-3A91-44DF-85AA-D7A58E983F12}.Debug|Any CPU.Build.0 = Debug|Any CPU
		{C43F232C-3A91-44DF-85AA-D7A58E983F12}.Release|Any CPU.ActiveCfg = Release|Any CPU
		{C43F232C-3A91-44DF-85AA-D7A58E983F12}.Release|Any CPU.Build.0 = Release|Any CPU
		{CA8974DB-BF8A-40EF-8BAA-601B71250D35}.Debug|Any CPU.ActiveCfg = Debug|Any CPU
		{CA8974DB-BF8A-40EF-8BAA-601B71250D35}.Debug|Any CPU.Build.0 = Debug|Any CPU
		{CA8974DB-BF8A-40EF-8BAA-601B71250D35}.Release|Any CPU.ActiveCfg = Release|Any CPU
		{CA8974DB-BF8A-40EF-8BAA-601B71250D35}.Release|Any CPU.Build.0 = Release|Any CPU
	EndGlobalSection
	GlobalSection(SolutionProperties) = preSolution
		HideSolutionNode = FALSE
	EndGlobalSection
	GlobalSection(ExtensibilityGlobals) = postSolution
		SolutionGuid = {BD69BACA-39CD-4313-BA11-97BF7E05B709}
	EndGlobalSection
EndGlobal
